{
    "_readme": [
        "This file locks the dependencies of your project to a known state",
        "Read more about it at https://getcomposer.org/doc/01-basic-usage.md#composer-lock-the-lock-file",
        "This file is @generated automatically"
    ],
    "hash": "d21ef833a15caec91ff45edb6546db3a",
    "content-hash": "53562c0399896c296eb73e3c6bdfb59e",
    "packages": [
        {
            "name": "j7mbo/twitter-api-php",
            "version": "dev-master",
            "source": {
                "type": "git",
                "url": "https://github.com/J7mbo/twitter-api-php.git",
                "reference": "5a1ac487adc248b59a73d5edc002b57f8dc211b8"
            },
            "dist": {
                "type": "zip",
                "url": "https://api.github.com/repos/J7mbo/twitter-api-php/zipball/5a1ac487adc248b59a73d5edc002b57f8dc211b8",
                "reference": "5a1ac487adc248b59a73d5edc002b57f8dc211b8",
                "shasum": ""
            },
            "require": {
                "ext-curl": "*"
            },
            "require-dev": {
                "phpunit/phpunit": "~4.5,>=4.5.1"
            },
            "type": "library",
            "extra": {
                "branch-alias": {
                    "dev-master": "1.0-dev"
                }
            },
            "autoload": {
                "files": [
                    "TwitterAPIExchange.php"
                ]
            },
            "notification-url": "https://packagist.org/downloads/",
            "license": [
                "GNU Public License"
            ],
            "authors": [
                {
                    "name": "James Mallison",
                    "homepage": "https://github.com/j7mbo/twitter-api-php"
                }
            ],
            "description": "Simple PHP Wrapper for Twitter API v1.1 calls",
            "homepage": "https://github.com/j7mbo/twitter-api-php",
            "keywords": [
                "api",
                "php",
                "twitter"
            ],
            "time": "2016-07-21 13:33:46"
        },
        {
            "name": "ktamas77/firebase-php",
            "version": "dev-master",
            "source": {
                "type": "git",
                "url": "https://github.com/ktamas77/firebase-php.git",
                "reference": "fbfeefe8437672b983a9efb340bfd0db08bfe71a"
            },
            "dist": {
                "type": "zip",
                "url": "https://api.github.com/repos/ktamas77/firebase-php/zipball/fbfeefe8437672b983a9efb340bfd0db08bfe71a",
                "reference": "fbfeefe8437672b983a9efb340bfd0db08bfe71a",
                "shasum": ""
            },
            "require": {
                "php": ">=5.3.0"
            },
            "type": "library",
            "autoload": {
                "classmap": [
                    "src"
                ]
            },
            "notification-url": "https://packagist.org/downloads/",
            "license": [
                "MIT"
            ],
            "authors": [
                {
                    "name": "Tamas Kalman",
                    "email": "ktamas77@gmail.com"
                }
            ],
            "description": "Firebase PHP Client",
            "homepage": "https://github.com/ktamas77/firebase-php",
            "keywords": [
                "firebase",
                "rest",
                "wrapper"
            ],
            "time": "2016-07-29 07:56:15"
        },
        {
            "name": "parse/php-sdk",
            "version": "1.2.1",
            "source": {
                "type": "git",
                "url": "https://github.com/ParsePlatform/parse-php-sdk.git",
                "reference": "c4f227ae396afa5e2759c95d3a4848f0b13154c2"
            },
            "dist": {
                "type": "zip",
                "url": "https://api.github.com/repos/ParsePlatform/parse-php-sdk/zipball/c4f227ae396afa5e2759c95d3a4848f0b13154c2",
                "reference": "c4f227ae396afa5e2759c95d3a4848f0b13154c2",
                "shasum": ""
            },
            "require": {
                "ext-curl": "*",
                "ext-json": "*",
                "php": ">=5.4.0"
            },
            "require-dev": {
                "phpdocumentor/phpdocumentor": "~2.5",
                "phpunit/phpunit": "~4.0",
                "squizlabs/php_codesniffer": "~1.5"
            },
            "type": "library",
            "extra": {
                "branch-alias": {
                    "dev-master": "1.1-dev"
                }
            },
            "autoload": {
                "psr-4": {
                    "Parse\\": "src/Parse/"
                }
            },
            "notification-url": "https://packagist.org/downloads/",
            "license": [
                "Parse Platform License"
            ],
            "authors": [
                {
                    "name": "Parse",
                    "homepage": "https://github.com/parseplatform/parse-php-sdk/contributors"
                }
            ],
            "description": "Parse PHP SDK",
            "homepage": "https://github.com/parseplatform/parse-php-sdk",
            "keywords": [
                "parse",
                "sdk"
            ],
            "time": "2016-07-01 23:38:47"
        }
    ],
    "packages-dev": [],
    "aliases": [],
    "minimum-stability": "stable",
    "stability-flags": {
        "ktamas77/firebase-php": 20,
        "j7mbo/twitter-api-php": 20
    },
    "prefer-stable": false,
    "prefer-lowest": false,
    "platform": [],
    "platform-dev": []
}
